{
  "name": "fiddle-b485866f",
  "version": "0.4.0",
  "lockfileVersion": 1,
  "requires": true,
  "dependencies": {
    "@fastly/js-compute": {
      "version": "0.2.5",
      "resolved": "https://registry.npmjs.org/@fastly/js-compute/-/js-compute-0.2.5.tgz",
      "integrity": "sha512-+aqvttcD23h0h1cWv+LtVzPYyPey3YXHSOKzrnsTtHBWi9udv4+aGS06EurQO1IdBJPgA0wcpas0BrUHsIFVdA=="
    }
  }
}
